
Microsoft Visual Studio Solution File, Format Version 12.00
# Visual Studio Version 16
VisualStudioVersion = 16.0.32602.291
MinimumVisualStudioVersion = 10.0.40219.1
Project("{FAE04EC0-301F-11D3-BF4B-00C04F79EFBC}") = "Viajes.Android", "Viajes.Android\Viajes.Android.csproj", "{7F5C426A-D4E2-4FC0-A867-F9E7924FB376}"
EndProject
Project("{FAE04EC0-301F-11D3-BF4B-00C04F79EFBC}") = "Viajes", "Viajes\Viajes.csproj", "{DE4BB21C-21AD-4F02-A05A-4A8F957A0C8B}"
EndProject
Global
	GlobalSection(SolutionConfigurationPlatforms) = preSolution
		Debug|Any CPU = Debug|Any CPU
		Release|Any CPU = Release|Any CPU
	EndGlobalSection
	GlobalSection(ProjectConfigurationPlatforms) = postSolution
		{7F5C426A-D4E2-4FC0-A867-F9E7924FB376}.Debug|Any CPU.ActiveCfg = Debug|Any CPU
		{7F5C426A-D4E2-4FC0-A867-F9E7924FB376}.Debug|Any CPU.Build.0 = Debug|Any CPU
		{7F5C426A-D4E2-4FC0-A867-F9E7924FB376}.Debug|Any CPU.Deploy.0 = Debug|Any CPU
		{7F5C426A-D4E2-4FC0-A867-F9E7924FB376}.Release|Any CPU.ActiveCfg = Release|Any CPU
		{7F5C426A-D4E2-4FC0-A867-F9E7924FB376}.Release|Any CPU.Build.0 = Release|Any CPU
		{7F5C426A-D4E2-4FC0-A867-F9E7924FB376}.Release|Any CPU.Deploy.0 = Release|Any CPU
		{DE4BB21C-21AD-4F02-A05A-4A8F957A0C8B}.Debug|Any CPU.ActiveCfg = Debug|Any CPU
		{DE4BB21C-21AD-4F02-A05A-4A8F957A0C8B}.Debug|Any CPU.Build.0 = Debug|Any CPU
		{DE4BB21C-21AD-4F02-A05A-4A8F957A0C8B}.Debug|Any CPU.Deploy.0 = Debug|Any CPU
		{DE4BB21C-21AD-4F02-A05A-4A8F957A0C8B}.Release|Any CPU.ActiveCfg = Release|Any CPU
		{DE4BB21C-21AD-4F02-A05A-4A8F957A0C8B}.Release|Any CPU.Build.0 = Release|Any CPU
		{DE4BB21C-21AD-4F02-A05A-4A8F957A0C8B}.Release|Any CPU.Deploy.0 = Release|Any CPU
	EndGlobalSection
	GlobalSection(SolutionProperties) = preSolution
		HideSolutionNode = FALSE
	EndGlobalSection
	GlobalSection(ExtensibilityGlobals) = postSolution
		SolutionGuid = {5DA0165E-41D5-4887-98B5-5D967ED6E74F}
	EndGlobalSection
EndGlobal
